{
  "name": "zs-app2",
  "version": "2.0.0",
  "lockfileVersion": 1,
  "requires": true,
  "dependencies": {
    "html2json": {
      "version": "1.0.2",
      "resolved": "https://registry.npmmirror.com/html2json/-/html2json-1.0.2.tgz",
      "integrity": "sha512-tCdVt82U+/D1GCXFIoN5VfCzx767065EZJ5B8nStQUGSXU9PQ4L/0kFvF2of3Qsoe9HGaJni+lxOkqakfw0zpA=="
    },
    "moment": {
      "version": "2.30.1",
      "resolved": "https://registry.npmmirror.com/moment/-/moment-2.30.1.tgz",
      "integrity": "sha512-uEmtNhbDOrWPFS+hdjFCBfy9f2YoyzRpwcl+DqpC6taX21FzsTLQVbMV/W7PzNSX6x/bhC1zA3c2UQ5NzH6how=="
    },
    "vue-cookies": {
      "version": "1.8.4",
      "resolved": "https://registry.npmmirror.com/vue-cookies/-/vue-cookies-1.8.4.tgz",
      "integrity": "sha512-9zjvACKE4W0kEb8OQtXzpizKhf6zfFOG/Z1TEUjSJn4Z4rintuAHo8y/FpCUhTWHMmPe8E+Fko+/tiXVM+5jOw=="
    }
  }
}
